
Microsoft Visual Studio Solution File, Format Version 12.00
# Visual Studio 15
VisualStudioVersion = 15.0.28307.489
MinimumVisualStudioVersion = 10.0.40219.1
Project("{9A19103F-16F7-4668-BE54-9A1E7A4F7556}") = "SocketServer", "SocketServer\SocketServer\SocketServer.csproj", "{8EB3BD6A-6282-4D77-A69F-8F2B97E0544E}"
EndProject
Global
	GlobalSection(SolutionConfigurationPlatforms) = preSolution
		Debug|Any CPU = Debug|Any CPU
		Release|Any CPU = Release|Any CPU
	EndGlobalSection
	GlobalSection(ProjectConfigurationPlatforms) = postSolution
		{8EB3BD6A-6282-4D77-A69F-8F2B97E0544E}.Debug|Any CPU.ActiveCfg = Debug|Any CPU
		{8EB3BD6A-6282-4D77-A69F-8F2B97E0544E}.Debug|Any CPU.Build.0 = Debug|Any CPU
		{8EB3BD6A-6282-4D77-A69F-8F2B97E0544E}.Release|Any CPU.ActiveCfg = Release|Any CPU
		{8EB3BD6A-6282-4D77-A69F-8F2B97E0544E}.Release|Any CPU.Build.0 = Release|Any CPU
		{32C0C795-9559-4D5B-ACD9-AC76C273AB96}.Debug|Any CPU.ActiveCfg = Debug|Any CPU
		{32C0C795-9559-4D5B-ACD9-AC76C273AB96}.Debug|Any CPU.Build.0 = Debug|Any CPU
		{32C0C795-9559-4D5B-ACD9-AC76C273AB96}.Release|Any CPU.ActiveCfg = Release|Any CPU
		{32C0C795-9559-4D5B-ACD9-AC76C273AB96}.Release|Any CPU.Build.0 = Release|Any CPU
	EndGlobalSection
	GlobalSection(SolutionProperties) = preSolution
		HideSolutionNode = FALSE
	EndGlobalSection
	GlobalSection(ExtensibilityGlobals) = postSolution
		SolutionGuid = {2CBBC458-C486-42A0-AE2C-C61430F7B076}
	EndGlobalSection
EndGlobal
