
Microsoft Visual Studio Solution File, Format Version 12.00
# Visual Studio 15
VisualStudioVersion = 15.0.28307.438
MinimumVisualStudioVersion = 10.0.40219.1
Project("{9A19103F-16F7-4668-BE54-9A1E7A4F7556}") = "Server", "Server\Server.csproj", "{6E54BA99-4048-48B3-AA88-4B3017F8A738}"
EndProject
Global
	GlobalSection(SolutionConfigurationPlatforms) = preSolution
		Debug|Any CPU = Debug|Any CPU
		Release|Any CPU = Release|Any CPU
	EndGlobalSection
	GlobalSection(ProjectConfigurationPlatforms) = postSolution
		{6E54BA99-4048-48B3-AA88-4B3017F8A738}.Debug|Any CPU.ActiveCfg = Debug|Any CPU
		{6E54BA99-4048-48B3-AA88-4B3017F8A738}.Debug|Any CPU.Build.0 = Debug|Any CPU
		{6E54BA99-4048-48B3-AA88-4B3017F8A738}.Release|Any CPU.ActiveCfg = Release|Any CPU
		{6E54BA99-4048-48B3-AA88-4B3017F8A738}.Release|Any CPU.Build.0 = Release|Any CPU
	EndGlobalSection
	GlobalSection(SolutionProperties) = preSolution
		HideSolutionNode = FALSE
	EndGlobalSection
	GlobalSection(ExtensibilityGlobals) = postSolution
		SolutionGuid = {C4C7942A-7203-4B49-89FC-039DB7F515DE}
	EndGlobalSection
EndGlobal
